
Microsoft Visual Studio Solution File, Format Version 12.00
# Visual Studio 15
VisualStudioVersion = 15.0.28307.329
MinimumVisualStudioVersion = 10.0.40219.1
Project("{FAE04EC0-301F-11D3-BF4B-00C04F79EFBC}") = "CH15NetworkMachine2015", "CH15NetworkMachine2015\CH15NetworkMachine2015.csproj", "{8C5CA655-35EB-4052-9326-522BFA0BE634}"
EndProject
Global
	GlobalSection(SolutionConfigurationPlatforms) = preSolution
		Debug|Any CPU = Debug|Any CPU
		Release|Any CPU = Release|Any CPU
	EndGlobalSection
	GlobalSection(ProjectConfigurationPlatforms) = postSolution
		{8C5CA655-35EB-4052-9326-522BFA0BE634}.Debug|Any CPU.ActiveCfg = Debug|Any CPU
		{8C5CA655-35EB-4052-9326-522BFA0BE634}.Debug|Any CPU.Build.0 = Debug|Any CPU
		{8C5CA655-35EB-4052-9326-522BFA0BE634}.Release|Any CPU.ActiveCfg = Release|Any CPU
		{8C5CA655-35EB-4052-9326-522BFA0BE634}.Release|Any CPU.Build.0 = Release|Any CPU
	EndGlobalSection
	GlobalSection(SolutionProperties) = preSolution
		HideSolutionNode = FALSE
	EndGlobalSection
	GlobalSection(ExtensibilityGlobals) = postSolution
		SolutionGuid = {D31F155B-F376-4BBF-96FC-CB8C3D75440C}
	EndGlobalSection
EndGlobal
